
Microsoft Visual Studio Solution File, Format Version 12.00
# Visual Studio Version 16
VisualStudioVersion = 16.0.29509.3
MinimumVisualStudioVersion = 10.0.40219.1
Project("{FAE04EC0-301F-11D3-BF4B-00C04F79EFBC}") = "MaintenancePage", "MaintenancePage\MaintenancePage.csproj", "{9E5DE822-E46E-4B40-96A4-34C8C7398E15}"
EndProject
Global
	GlobalSection(SolutionConfigurationPlatforms) = preSolution
		Debug|Any CPU = Debug|Any CPU
		Release|Any CPU = Release|Any CPU
	EndGlobalSection
	GlobalSection(ProjectConfigurationPlatforms) = postSolution
		{9E5DE822-E46E-4B40-96A4-34C8C7398E15}.Debug|Any CPU.ActiveCfg = Debug|Any CPU
		{9E5DE822-E46E-4B40-96A4-34C8C7398E15}.Debug|Any CPU.Build.0 = Debug|Any CPU
		{9E5DE822-E46E-4B40-96A4-34C8C7398E15}.Release|Any CPU.ActiveCfg = Release|Any CPU
		{9E5DE822-E46E-4B40-96A4-34C8C7398E15}.Release|Any CPU.Build.0 = Release|Any CPU
	EndGlobalSection
	GlobalSection(SolutionProperties) = preSolution
		HideSolutionNode = FALSE
	EndGlobalSection
	GlobalSection(ExtensibilityGlobals) = postSolution
		SolutionGuid = {C7535CAF-8520-4200-97BA-C2576D13C053}
	EndGlobalSection
EndGlobal
